
Microsoft Visual Studio Solution File, Format Version 12.00
# Visual Studio Version 17
VisualStudioVersion = 17.3.32825.248
MinimumVisualStudioVersion = 10.0.40219.1
Project("{FAE04EC0-301F-11D3-BF4B-00C04F79EFBC}") = "While_Loop_19_Sept", "While_Loop_19_Sept\While_Loop_19_Sept.csproj", "{326C987C-C853-4B98-A41C-08E29FC7B75B}"
EndProject
Global
	GlobalSection(SolutionConfigurationPlatforms) = preSolution
		Debug|Any CPU = Debug|Any CPU
		Release|Any CPU = Release|Any CPU
	EndGlobalSection
	GlobalSection(ProjectConfigurationPlatforms) = postSolution
		{326C987C-C853-4B98-A41C-08E29FC7B75B}.Debug|Any CPU.ActiveCfg = Debug|Any CPU
		{326C987C-C853-4B98-A41C-08E29FC7B75B}.Debug|Any CPU.Build.0 = Debug|Any CPU
		{326C987C-C853-4B98-A41C-08E29FC7B75B}.Release|Any CPU.ActiveCfg = Release|Any CPU
		{326C987C-C853-4B98-A41C-08E29FC7B75B}.Release|Any CPU.Build.0 = Release|Any CPU
	EndGlobalSection
	GlobalSection(SolutionProperties) = preSolution
		HideSolutionNode = FALSE
	EndGlobalSection
	GlobalSection(ExtensibilityGlobals) = postSolution
		SolutionGuid = {D8A0743A-61BD-4F28-BDC0-5D04B1B4DAA5}
	EndGlobalSection
EndGlobal
